
Microsoft Visual Studio Solution File, Format Version 12.00
# Visual Studio Version 16
VisualStudioVersion = 16.0.29102.190
MinimumVisualStudioVersion = 10.0.40219.1
Project("{FAE04EC0-301F-11D3-BF4B-00C04F79EFBC}") = "ConsoleApp", "ConsoleApp\ConsoleApp.csproj", "{BC47EAFE-3941-4C05-AF20-174F94626ADA}"
EndProject
Global
	GlobalSection(SolutionConfigurationPlatforms) = preSolution
		Debug|Any CPU = Debug|Any CPU
		Release|Any CPU = Release|Any CPU
	EndGlobalSection
	GlobalSection(ProjectConfigurationPlatforms) = postSolution
		{BC47EAFE-3941-4C05-AF20-174F94626ADA}.Debug|Any CPU.ActiveCfg = Debug|Any CPU
		{BC47EAFE-3941-4C05-AF20-174F94626ADA}.Debug|Any CPU.Build.0 = Debug|Any CPU
		{BC47EAFE-3941-4C05-AF20-174F94626ADA}.Release|Any CPU.ActiveCfg = Release|Any CPU
		{BC47EAFE-3941-4C05-AF20-174F94626ADA}.Release|Any CPU.Build.0 = Release|Any CPU
	EndGlobalSection
	GlobalSection(SolutionProperties) = preSolution
		HideSolutionNode = FALSE
	EndGlobalSection
	GlobalSection(ExtensibilityGlobals) = postSolution
		SolutionGuid = {96ED44C3-BD56-4588-A60E-EE839EF0D7FB}
	EndGlobalSection
EndGlobal
